
Microsoft Visual Studio Solution File, Format Version 12.00
# Visual Studio Version 17
VisualStudioVersion = 17.11.35327.3
MinimumVisualStudioVersion = 10.0.40219.1
Project("{FAE04EC0-301F-11D3-BF4B-00C04F79EFBC}") = "дз4", "дз4\дз4.csproj", "{3495AD51-06A9-4705-993D-A05BE781F3B7}"
EndProject
Project("{FAE04EC0-301F-11D3-BF4B-00C04F79EFBC}") = "лаба 4", "лаба 4\лаба 4.csproj", "{EE768B13-1143-4541-826A-B750811656CC}"
EndProject
Global
	GlobalSection(SolutionConfigurationPlatforms) = preSolution
		Debug|Any CPU = Debug|Any CPU
		Release|Any CPU = Release|Any CPU
	EndGlobalSection
	GlobalSection(ProjectConfigurationPlatforms) = postSolution
		{3495AD51-06A9-4705-993D-A05BE781F3B7}.Debug|Any CPU.ActiveCfg = Debug|Any CPU
		{3495AD51-06A9-4705-993D-A05BE781F3B7}.Debug|Any CPU.Build.0 = Debug|Any CPU
		{3495AD51-06A9-4705-993D-A05BE781F3B7}.Release|Any CPU.ActiveCfg = Release|Any CPU
		{3495AD51-06A9-4705-993D-A05BE781F3B7}.Release|Any CPU.Build.0 = Release|Any CPU
		{EE768B13-1143-4541-826A-B750811656CC}.Debug|Any CPU.ActiveCfg = Debug|Any CPU
		{EE768B13-1143-4541-826A-B750811656CC}.Debug|Any CPU.Build.0 = Debug|Any CPU
		{EE768B13-1143-4541-826A-B750811656CC}.Release|Any CPU.ActiveCfg = Release|Any CPU
		{EE768B13-1143-4541-826A-B750811656CC}.Release|Any CPU.Build.0 = Release|Any CPU
	EndGlobalSection
	GlobalSection(SolutionProperties) = preSolution
		HideSolutionNode = FALSE
	EndGlobalSection
	GlobalSection(ExtensibilityGlobals) = postSolution
		SolutionGuid = {9584E2D0-E09A-4AB4-A5F5-9504DB12A35A}
	EndGlobalSection
EndGlobal
